// !$*UTF8*$!
{
	archiveVersion = 1;
	classes = {
	};
	objectVersion = 46;
	objects = {

/* Begin PBXBuildFile section */
		A005DD901EE1A00F0044E74B /* AppDelegate.swift in Sources */ = {isa = PBXBuildFile; fileRef = A005DD8F1EE1A00F0044E74B /* AppDelegate.swift */; };
		A005DD921EE1A00F0044E74B /* ViewController.swift in Sources */ = {isa = PBXBuildFile; fileRef = A005DD911EE1A00F0044E74B /* ViewController.swift */; };
		A005DD951EE1A00F0044E74B /* Main.storyboard in Resources */ = {isa = PBXBuildFile; fileRef = A005DD931EE1A00F0044E74B /* Main.storyboard */; };
		A005DD971EE1A00F0044E74B /* Assets.xcassets in Resources */ = {isa = PBXBuildFile; fileRef = A005DD961EE1A00F0044E74B /* Assets.xcassets */; };
		A005DD9A1EE1A00F0044E74B /* LaunchScreen.storyboard in Resources */ = {isa = PBXBuildFile; fileRef = A005DD981EE1A00F0044E74B /* LaunchScreen.storyboard */; };
		A005DDA51EE1A00F0044E74B /* signupTests.swift in Sources */ = {isa = PBXBuildFile; fileRef = A005DDA41EE1A00F0044E74B /* signupTests.swift */; };
		A005DDB01EE1A00F0044E74B /* signupUITests.swift in Sources */ = {isa = PBXBuildFile; fileRef = A005DDAF1EE1A00F0044E74B /* signupUITests.swift */; };
/* End PBXBuildFile section */

/* Begin PBXContainerItemProxy section */
		A005DDA11EE1A00F0044E74B /* PBXContainerItemProxy */ = {
			isa = PBXContainerItemProxy;
			containerPortal = A005DD841EE1A00F0044E74B /* Project object */;
			proxyType = 1;
			remoteGlobalIDString = A005DD8B1EE1A00F0044E74B;
			remoteInfo = signup;
		};
		A005DDAC1EE1A00F0044E74B /* PBXContainerItemProxy */ = {
			isa = PBXContainerItemProxy;
			containerPortal = A005DD841EE1A00F0044E74B /* Project object */;
			proxyType = 1;
			remoteGlobalIDString = A005DD8B1EE1A00F0044E74B;
			remoteInfo = signup;
		};
/* End PBXContainerItemProxy section */

/* Begin PBXFileReference section */
		A005DD8C1EE1A00F0044E74B /* signup.app */ = {isa = PBXFileReference; explicitFileType = wrapper.application; includeInIndex = 0; path = signup.app; sourceTree = BUILT_PRODUCTS_DIR; };
		A005DD8F1EE1A00F0044E74B /* AppDelegate.swift */ = {isa = PBXFileReference; lastKnownFileType = sourcecode.swift; path = AppDelegate.swift; sourceTree = "<group>"; };
		A005DD911EE1A00F0044E74B /* ViewController.swift */ = {isa = PBXFileReference; lastKnownFileType = sourcecode.swift; path = ViewController.swift; sourceTree = "<group>"; };
		A005DD941EE1A00F0044E74B /* Base */ = {isa = PBXFileReference; lastKnownFileType = file.storyboard; name = Base; path = Base.lproj/Main.storyboard; sourceTree = "<group>"; };
		A005DD961EE1A00F0044E74B /* Assets.xcassets */ = {isa = PBXFileReference; lastKnownFileType = folder.assetcatalog; path = Assets.xcassets; sourceTree = "<group>"; };
		A005DD991EE1A00F0044E74B /* Base */ = {isa = PBXFileReference; lastKnownFileType = file.storyboard; name = Base; path = Base.lproj/LaunchScreen.storyboard; sourceTree = "<group>"; };
		A005DD9B1EE1A00F0044E74B /* Info.plist */ = {isa = PBXFileReference; lastKnownFileType = text.plist.xml; path = Info.plist; sourceTree = "<group>"; };
		A005DDA01EE1A00F0044E74B /* signupTests.xctest */ = {isa = PBXFileReference; explicitFileType = wrapper.cfbundle; includeInIndex = 0; path = signupTests.xctest; sourceTree = BUILT_PRODUCTS_DIR; };
		A005DDA41EE1A00F0044E74B /* signupTests.swift */ = {isa = PBXFileReference; lastKnownFileType = sourcecode.swift; path = signupTests.swift; sourceTree = "<group>"; };
		A005DDA61EE1A00F0044E74B /* Info.plist */ = {isa = PBXFileReference; lastKnownFileType = text.plist.xml; path = Info.plist; sourceTree = "<group>"; };
		A005DDAB1EE1A00F0044E74B /* signupUITests.xctest */ = {isa = PBXFileReference; explicitFileType = wrapper.cfbundle; includeInIndex = 0; path = signupUITests.xctest; sourceTree = BUILT_PRODUCTS_DIR; };
		A005DDAF1EE1A00F0044E74B /* signupUITests.swift */ = {isa = PBXFileReference; lastKnownFileType = sourcecode.swift; path = signupUITests.swift; sourceTree = "<group>"; };
		A005DDB11EE1A00F0044E74B /* Info.plist */ = {isa = PBXFileReference; lastKnownFileType = text.plist.xml; path = Info.plist; sourceTree = "<group>"; };
/* End PBXFileReference section */

/* Begin PBXFrameworksBuildPhase section */
		A005DD891EE1A00F0044E74B /* Frameworks */ = {
			isa = PBXFrameworksBuildPhase;
			buildActionMask = 2147483647;
			files = (
			);
			runOnlyForDeploymentPostprocessing = 0;
		};
		A005DD9D1EE1A00F0044E74B /* Frameworks */ = {
			isa = PBXFrameworksBuildPhase;
			buildActionMask = 2147483647;
			files = (
			);
			runOnlyForDeploymentPostprocessing = 0;
		};
		A005DDA81EE1A00F0044E74B /* Frameworks */ = {
			isa = PBXFrameworksBuildPhase;
			buildActionMask = 2147483647;
			files = (
			);
			runOnlyForDeploymentPostprocessing = 0;
		};
/* End PBXFrameworksBuildPhase section */

/* Begin PBXGroup section */
		A005DD831EE1A00F0044E74B = {
			isa = PBXGroup;
			children = (
				A005DD8E1EE1A00F0044E74B /* signup */,
				A005DDA31EE1A00F0044E74B /* signupTests */,
				A005DDAE1EE1A00F0044E74B /* signupUITests */,
				A005DD8D1EE1A00F0044E74B /* Products */,
			);
			sourceTree = "<group>";
		};
		A005DD8D1EE1A00F0044E74B /* Products */ = {
			isa = PBXGroup;
			children = (
				A005DD8C1EE1A00F0044E74B /* signup.app */,
				A005DDA01EE1A00F0044E74B /* signupTests.xctest */,
				A005DDAB1EE1A00F0044E74B /* signupUITests.xctest */,
			);
			name = Products;
			sourceTree = "<group>";
		};
		A005DD8E1EE1A00F0044E74B /* signup */ = {
			isa = PBXGroup;
			children = (
				A005DD8F1EE1A00F0044E74B /* AppDelegate.swift */,
				A005DD911EE1A00F0044E74B /* ViewController.swift */,
				A005DD931EE1A00F0044E74B /* Main.storyboard */,
				A005DD961EE1A00F0044E74B /* Assets.xcassets */,
				A005DD981EE1A00F0044E74B /* LaunchScreen.storyboard */,
				A005DD9B1EE1A00F0044E74B /* Info.plist */,
			);
			path = signup;
			sourceTree = "<group>";
		};
		A005DDA31EE1A00F0044E74B /* signupTests */ = {
			isa = PBXGroup;
			children = (
				A005DDA41EE1A00F0044E74B /* signupTests.swift */,
				A005DDA61EE1A00F0044E74B /* Info.plist */,
			);
			path = signupTests;
			sourceTree = "<group>";
		};
		A005DDAE1EE1A00F0044E74B /* signupUITests */ = {
			isa = PBXGroup;
			children = (
				A005DDAF1EE1A00F0044E74B /* signupUITests.swift */,
				A005DDB11EE1A00F0044E74B /* Info.plist */,
			);
			path = signupUITests;
			sourceTree = "<group>";
		};
/* End PBXGroup section */

/* Begin PBXNativeTarget section */
		A005DD8B1EE1A00F0044E74B /* signup */ = {
			isa = PBXNativeTarget;
			buildConfigurationList = A005DDB41EE1A00F0044E74B /* Build configuration list for PBXNativeTarget "signup" */;
			buildPhases = (
				A005DD881EE1A00F0044E74B /* Sources */,
				A005DD891EE1A00F0044E74B /* Frameworks */,
				A005DD8A1EE1A00F0044E74B /* Resources */,
			);
			buildRules = (
			);
			dependencies = (
			);
			name = signup;
			productName = signup;
			productReference = A005DD8C1EE1A00F0044E74B /* signup.app */;
			productType = "com.apple.product-type.application";
		};
		A005DD9F1EE1A00F0044E74B /* signupTests */ = {
			isa = PBXNativeTarget;
			buildConfigurationList = A005DDB71EE1A00F0044E74B /* Build configuration list for PBXNativeTarget "signupTests" */;
			buildPhases = (
				A005DD9C1EE1A00F0044E74B /* Sources */,
				A005DD9D1EE1A00F0044E74B /* Frameworks */,
				A005DD9E1EE1A00F0044E74B /* Resources */,
			);
			buildRules = (
			);
			dependencies = (
				A005DDA21EE1A00F0044E74B /* PBXTargetDependency */,
			);
			name = signupTests;
			productName = signupTests;
			productReference = A005DDA01EE1A00F0044E74B /* signupTests.xctest */;
			productType = "com.apple.product-type.bundle.unit-test";
		};
		A005DDAA1EE1A00F0044E74B /* signupUITests */ = {
			isa = PBXNativeTarget;
			buildConfigurationList = A005DDBA1EE1A00F0044E74B /* Build configuration list for PBXNativeTarget "signupUITests" */;
			buildPhases = (
				A005DDA71EE1A00F0044E74B /* Sources */,
				A005DDA81EE1A00F0044E74B /* Frameworks */,
				A005DDA91EE1A00F0044E74B /* Resources */,
			);
			buildRules = (
			);
			dependencies = (
				A005DDAD1EE1A00F0044E74B /* PBXTargetDependency */,
			);
			name = signupUITests;
			productName = signupUITests;
			productReference = A005DDAB1EE1A00F0044E74B /* signupUITests.xctest */;
			productType = "com.apple.product-type.bundle.ui-testing";
		};
/* End PBXNativeTarget section */

/* Begin PBXProject section */
		A005DD841EE1A00F0044E74B /* Project object */ = {
			isa = PBXProject;
			attributes = {
				LastSwiftUpdateCheck = 0830;
				LastUpgradeCheck = 0830;
				ORGANIZATIONNAME = "tk's macbook";
				TargetAttributes = {
					A005DD8B1EE1A00F0044E74B = {
						CreatedOnToolsVersion = 8.3.2;
						DevelopmentTeam = 4E643Y244C;
						ProvisioningStyle = Automatic;
					};
					A005DD9F1EE1A00F0044E74B = {
						CreatedOnToolsVersion = 8.3.2;
						DevelopmentTeam = 4E643Y244C;
						ProvisioningStyle = Automatic;
						TestTargetID = A005DD8B1EE1A00F0044E74B;
					};
					A005DDAA1EE1A00F0044E74B = {
						CreatedOnToolsVersion = 8.3.2;
						DevelopmentTeam = 4E643Y244C;
						ProvisioningStyle = Automatic;
						TestTargetID = A005DD8B1EE1A00F0044E74B;
					};
				};
			};
			buildConfigurationList = A005DD871EE1A00F0044E74B /* Build configuration list for PBXProject "signup" */;
			compatibilityVersion = "Xcode 3.2";
			developmentRegion = English;
			hasScannedForEncodings = 0;
			knownRegions = (
				en,
				Base,
			);
			mainGroup = A005DD831EE1A00F0044E74B;
			productRefGroup = A005DD8D1EE1A00F0044E74B /* Products */;
			projectDirPath = "";
			projectRoot = "";
			targets = (
				A005DD8B1EE1A00F0044E74B /* signup */,
				A005DD9F1EE1A00F0044E74B /* signupTests */,
				A005DDAA1EE1A00F0044E74B /* signupUITests */,
			);
		};
/* End PBXProject section */

/* Begin PBXResourcesBuildPhase section */
		A005DD8A1EE1A00F0044E74B /* Resources */ = {
			isa = PBXResourcesBuildPhase;
			buildActionMask = 2147483647;
			files = (
				A005DD9A1EE1A00F0044E74B /* LaunchScreen.storyboard in Resources */,
				A005DD971EE1A00F0044E74B /* Assets.xcassets in Resources */,
				A005DD951EE1A00F0044E74B /* Main.storyboard in Resources */,
			);
			runOnlyForDeploymentPostprocessing = 0;
		};
		A005DD9E1EE1A00F0044E74B /* Resources */ = {
			isa = PBXResourcesBuildPhase;
			buildActionMask = 2147483647;
			files = (
			);
			runOnlyForDeploymentPostprocessing = 0;
		};
		A005DDA91EE1A00F0044E74B /* Resources */ = {
			isa = PBXResourcesBuildPhase;
			buildActionMask = 2147483647;
			files = (
			);
			runOnlyForDeploymentPostprocessing = 0;
		};
/* End PBXResourcesBuildPhase section */

/* Begin PBXSourcesBuildPhase section */
		A005DD881EE1A00F0044E74B /* Sources */ = {
			isa = PBXSourcesBuildPhase;
			buildActionMask = 2147483647;
			files = (
				A005DD921EE1A00F0044E74B /* ViewController.swift in Sources */,
				A005DD901EE1A00F0044E74B /* AppDelegate.swift in Sources */,
			);
			runOnlyForDeploymentPostprocessing = 0;
		};
		A005DD9C1EE1A00F0044E74B /* Sources */ = {
			isa = PBXSourcesBuildPhase;
			buildActionMask = 2147483647;
			files = (
				A005DDA51EE1A00F0044E74B /* signupTests.swift in Sources */,
			);
			runOnlyForDeploymentPostprocessing = 0;
		};
		A005DDA71EE1A00F0044E74B /* Sources */ = {
			isa = PBXSourcesBuildPhase;
			buildActionMask = 2147483647;
			files = (
				A005DDB01EE1A00F0044E74B /* signupUITests.swift in Sources */,
			);
			runOnlyForDeploymentPostprocessing = 0;
		};
/* End PBXSourcesBuildPhase section */

/* Begin PBXTargetDependency section */
		A005DDA21EE1A00F0044E74B /* PBXTargetDependency */ = {
			isa = PBXTargetDependency;
			target = A005DD8B1EE1A00F0044E74B /* signup */;
			targetProxy = A005DDA11EE1A00F0044E74B /* PBXContainerItemProxy */;
		};
		A005DDAD1EE1A00F0044E74B /* PBXTargetDependency */ = {
			isa = PBXTargetDependency;
			target = A005DD8B1EE1A00F0044E74B /* signup */;
			targetProxy = A005DDAC1EE1A00F0044E74B /* PBXContainerItemProxy */;
		};
/* End PBXTargetDependency section */

/* Begin PBXVariantGroup section */
		A005DD931EE1A00F0044E74B /* Main.storyboard */ = {
			isa = PBXVariantGroup;
			children = (
				A005DD941EE1A00F0044E74B /* Base */,
			);
			name = Main.storyboard;
			sourceTree = "<group>";
		};
		A005DD981EE1A00F0044E74B /* LaunchScreen.storyboard */ = {
			isa = PBXVariantGroup;
			children = (
				A005DD991EE1A00F0044E74B /* Base */,
			);
			name = LaunchScreen.storyboard;
			sourceTree = "<group>";
		};
/* End PBXVariantGroup section */

/* Begin XCBuildConfiguration section */
		A005DDB21EE1A00F0044E74B /* Debug */ = {
			isa = XCBuildConfiguration;
			buildSettings = {
				ALWAYS_SEARCH_USER_PATHS = NO;
				CLANG_ANALYZER_NONNULL = YES;
				CLANG_ANALYZER_NUMBER_OBJECT_CONVERSION = YES_AGGRESSIVE;
				CLANG_CXX_LANGUAGE_STANDARD = "gnu++0x";
				CLANG_CXX_LIBRARY = "libc++";
				CLANG_ENABLE_MODULES = YES;
				CLANG_ENABLE_OBJC_ARC = YES;
				CLANG_WARN_BOOL_CONVERSION = YES;
				CLANG_WARN_CONSTANT_CONVERSION = YES;
				CLANG_WARN_DIRECT_OBJC_ISA_USAGE = YES_ERROR;
				CLANG_WARN_DOCUMENTATION_COMMENTS = YES;
				CLANG_WARN_EMPTY_BODY = YES;
				CLANG_WARN_ENUM_CONVERSION = YES;
				CLANG_WARN_INFINITE_RECURSION = YES;
				CLANG_WARN_INT_CONVERSION = YES;
				CLANG_WARN_OBJC_ROOT_CLASS = YES_ERROR;
				CLANG_WARN_SUSPICIOUS_MOVE = YES;
				CLANG_WARN_UNREACHABLE_CODE = YES;
				CLANG_WARN__DUPLICATE_METHOD_MATCH = YES;
				"CODE_SIGN_IDENTITY[sdk=iphoneos*]" = "iPhone Developer";
				COPY_PHASE_STRIP = NO;
				DEBUG_INFORMATION_FORMAT = dwarf;
				ENABLE_STRICT_OBJC_MSGSEND = YES;
				ENABLE_TESTABILITY = YES;
				GCC_C_LANGUAGE_STANDARD = gnu99;
				GCC_DYNAMIC_NO_PIC = NO;
				GCC_NO_COMMON_BLOCKS = YES;
				GCC_OPTIMIZATION_LEVEL = 0;
				GCC_PREPROCESSOR_DEFINITIONS = (
					"DEBUG=1",
					"$(inherited)",
				);
				GCC_WARN_64_TO_32_BIT_CONVERSION = YES;
				GCC_WARN_ABOUT_RETURN_TYPE = YES_ERROR;
				GCC_WARN_UNDECLARED_SELECTOR = YES;
				GCC_WARN_UNINITIALIZED_AUTOS = YES_AGGRESSIVE;
				GCC_WARN_UNUSED_FUNCTION = YES;
				GCC_WARN_UNUSED_VARIABLE = YES;
				IPHONEOS_DEPLOYMENT_TARGET = 10.3;
				MTL_ENABLE_DEBUG_INFO = YES;
				ONLY_ACTIVE_ARCH = YES;
				SDKROOT = iphoneos;
				SWIFT_ACTIVE_COMPILATION_CONDITIONS = DEBUG;
				SWIFT_OPTIMIZATION_LEVEL = "-Onone";
				TARGETED_DEVICE_FAMILY = "1,2";
			};
			name = Debug;
		};
		A005DDB31EE1A00F0044E74B /* Release */ = {
			isa = XCBuildConfiguration;
			buildSettings = {
				ALWAYS_SEARCH_USER_PATHS = NO;
				CLANG_ANALYZER_NONNULL = YES;
				CLANG_ANALYZER_NUMBER_OBJECT_CONVERSION = YES_AGGRESSIVE;
				CLANG_CXX_LANGUAGE_STANDARD = "gnu++0x";
				CLANG_CXX_LIBRARY = "libc++";
				CLANG_ENABLE_MODULES = YES;
				CLANG_ENABLE_OBJC_ARC = YES;
				CLANG_WARN_BOOL_CONVERSION = YES;
				CLANG_WARN_CONSTANT_CONVERSION = YES;
				CLANG_WARN_DIRECT_OBJC_ISA_USAGE = YES_ERROR;
				CLANG_WARN_DOCUMENTATION_COMMENTS = YES;
				CLANG_WARN_EMPTY_BODY = YES;
				CLANG_WARN_ENUM_CONVERSION = YES;
				CLANG_WARN_INFINITE_RECURSION = YES;
				CLANG_WARN_INT_CONVERSION = YES;
				CLANG_WARN_OBJC_ROOT_CLASS = YES_ERROR;
				CLANG_WARN_SUSPICIOUS_MOVE = YES;
				CLANG_WARN_UNREACHABLE_CODE = YES;
				CLANG_WARN__DUPLICATE_METHOD_MATCH = YES;
				"CODE_SIGN_IDENTITY[sdk=iphoneos*]" = "iPhone Developer";
				COPY_PHASE_STRIP = NO;
				DEBUG_INFORMATION_FORMAT = "dwarf-with-dsym";
				ENABLE_NS_ASSERTIONS = NO;
				ENABLE_STRICT_OBJC_MSGSEND = YES;
				GCC_C_LANGUAGE_STANDARD = gnu99;
				GCC_NO_COMMON_BLOCKS = YES;
				GCC_WARN_64_TO_32_BIT_CONVERSION = YES;
				GCC_WARN_ABOUT_RETURN_TYPE = YES_ERROR;
				GCC_WARN_UNDECLARED_SELECTOR = YES;
				GCC_WARN_UNINITIALIZED_AUTOS = YES_AGGRESSIVE;
				GCC_WARN_UNUSED_FUNCTION = YES;
				GCC_WARN_UNUSED_VARIABLE = YES;
				IPHONEOS_DEPLOYMENT_TARGET = 10.3;
				MTL_ENABLE_DEBUG_INFO = NO;
				SDKROOT = iphoneos;
				SWIFT_OPTIMIZATION_LEVEL = "-Owholemodule";
				TARGETED_DEVICE_FAMILY = "1,2";
				VALIDATE_PRODUCT = YES;
			};
			name = Release;
		};
		A005DDB51EE1A00F0044E74B /* Debug */ = {
			isa = XCBuildConfiguration;
			buildSettings = {
				ASSETCATALOG_COMPILER_APPICON_NAME = AppIcon;
				DEVELOPMENT_TEAM = 4E643Y244C;
				INFOPLIST_FILE = signup/Info.plist;
				LD_RUNPATH_SEARCH_PATHS = "$(inherited) @executable_path/Frameworks";
				PRODUCT_BUNDLE_IDENTIFIER = eee.signup;
				PRODUCT_NAME = "$(TARGET_NAME)";
				SWIFT_VERSION = 3.0;
			};
			name = Debug;
		};
		A005DDB61EE1A00F0044E74B /* Release */ = {
			isa = XCBuildConfiguration;
			buildSettings = {
				ASSETCATALOG_COMPILER_APPICON_NAME = AppIcon;
				DEVELOPMENT_TEAM = 4E643Y244C;
				INFOPLIST_FILE = signup/Info.plist;
				LD_RUNPATH_SEARCH_PATHS = "$(inherited) @executable_path/Frameworks";
				PRODUCT_BUNDLE_IDENTIFIER = eee.signup;
				PRODUCT_NAME = "$(TARGET_NAME)";
				SWIFT_VERSION = 3.0;
			};
			name = Release;
		};
		A005DDB81EE1A00F0044E74B /* Debug */ = {
			isa = XCBuildConfiguration;
			buildSettings = {
				ALWAYS_EMBED_SWIFT_STANDARD_LIBRARIES = YES;
				BUNDLE_LOADER = "$(TEST_HOST)";
				DEVELOPMENT_TEAM = 4E643Y244C;
				INFOPLIST_FILE = signupTests/Info.plist;
				LD_RUNPATH_SEARCH_PATHS = "$(inherited) @executable_path/Frameworks @loader_path/Frameworks";
				PRODUCT_BUNDLE_IDENTIFIER = eee.signupTests;
				PRODUCT_NAME = "$(TARGET_NAME)";
				SWIFT_VERSION = 3.0;
				TEST_HOST = "$(BUILT_PRODUCTS_DIR)/signup.app/signup";
			};
			name = Debug;
		};
		A005DDB91EE1A00F0044E74B /* Release */ = {
			isa = XCBuildConfiguration;
			buildSettings = {
				ALWAYS_EMBED_SWIFT_STANDARD_LIBRARIES = YES;
				BUNDLE_LOADER = "$(TEST_HOST)";
				DEVELOPMENT_TEAM = 4E643Y244C;
				INFOPLIST_FILE = signupTests/Info.plist;
				LD_RUNPATH_SEARCH_PATHS = "$(inherited) @executable_path/Frameworks @loader_path/Frameworks";
				PRODUCT_BUNDLE_IDENTIFIER = eee.signupTests;
				PRODUCT_NAME = "$(TARGET_NAME)";
				SWIFT_VERSION = 3.0;
				TEST_HOST = "$(BUILT_PRODUCTS_DIR)/signup.app/signup";
			};
			name = Release;
		};
		A005DDBB1EE1A00F0044E74B /* Debug */ = {
			isa = XCBuildConfiguration;
			buildSettings = {
				ALWAYS_EMBED_SWIFT_STANDARD_LIBRARIES = YES;
				DEVELOPMENT_TEAM = 4E643Y244C;
				INFOPLIST_FILE = signupUITests/Info.plist;
				LD_RUNPATH_SEARCH_PATHS = "$(inherited) @executable_path/Frameworks @loader_path/Frameworks";
				PRODUCT_BUNDLE_IDENTIFIER = eee.signupUITests;
				PRODUCT_NAME = "$(TARGET_NAME)";
				SWIFT_VERSION = 3.0;
				TEST_TARGET_NAME = signup;
			};
			name = Debug;
		};
		A005DDBC1EE1A00F0044E74B /* Release */ = {
			isa = XCBuildConfiguration;
			buildSettings = {
				ALWAYS_EMBED_SWIFT_STANDARD_LIBRARIES = YES;
				DEVELOPMENT_TEAM = 4E643Y244C;
				INFOPLIST_FILE = signupUITests/Info.plist;
				LD_RUNPATH_SEARCH_PATHS = "$(inherited) @executable_path/Frameworks @loader_path/Frameworks";
				PRODUCT_BUNDLE_IDENTIFIER = eee.signupUITests;
				PRODUCT_NAME = "$(TARGET_NAME)";
				SWIFT_VERSION = 3.0;
				TEST_TARGET_NAME = signup;
			};
			name = Release;
		};
/* End XCBuildConfiguration section */

/* Begin XCConfigurationList section */
		A005DD871EE1A00F0044E74B /* Build configuration list for PBXProject "signup" */ = {
			isa = XCConfigurationList;
			buildConfigurations = (
				A005DDB21EE1A00F0044E74B /* Debug */,
				A005DDB31EE1A00F0044E74B /* Release */,
			);
			defaultConfigurationIsVisible = 0;
			defaultConfigurationName = Release;
		};
		A005DDB41EE1A00F0044E74B /* Build configuration list for PBXNativeTarget "signup" */ = {
			isa = XCConfigurationList;
			buildConfigurations = (
				A005DDB51EE1A00F0044E74B /* Debug */,
				A005DDB61EE1A00F0044E74B /* Release */,
			);
			defaultConfigurationIsVisible = 0;
		};
		A005DDB71EE1A00F0044E74B /* Build configuration list for PBXNativeTarget "signupTests" */ = {
			isa = XCConfigurationList;
			buildConfigurations = (
				A005DDB81EE1A00F0044E74B /* Debug */,
				A005DDB91EE1A00F0044E74B /* Release */,
			);
			defaultConfigurationIsVisible = 0;
		};
		A005DDBA1EE1A00F0044E74B /* Build configuration list for PBXNativeTarget "signupUITests" */ = {
			isa = XCConfigurationList;
			buildConfigurations = (
				A005DDBB1EE1A00F0044E74B /* Debug */,
				A005DDBC1EE1A00F0044E74B /* Release */,
			);
			defaultConfigurationIsVisible = 0;
		};
/* End XCConfigurationList section */
	};
	rootObject = A005DD841EE1A00F0044E74B /* Project object */;
}
